
Microsoft Visual Studio Solution File, Format Version 12.00
# Visual Studio Version 17
VisualStudioVersion = 17.9.34728.123
MinimumVisualStudioVersion = 10.0.40219.1
Project("{FAE04EC0-301F-11D3-BF4B-00C04F79EFBC}") = "GameApi", "GameApi\GameApi.csproj", "{455559B3-CBA6-423A-9A3F-DAF6CD923821}"
EndProject
Global
	GlobalSection(SolutionConfigurationPlatforms) = preSolution
		Debug|Any CPU = Debug|Any CPU
		Release|Any CPU = Release|Any CPU
	EndGlobalSection
	GlobalSection(ProjectConfigurationPlatforms) = postSolution
		{455559B3-CBA6-423A-9A3F-DAF6CD923821}.Debug|Any CPU.ActiveCfg = Debug|Any CPU
		{455559B3-CBA6-423A-9A3F-DAF6CD923821}.Debug|Any CPU.Build.0 = Debug|Any CPU
		{455559B3-CBA6-423A-9A3F-DAF6CD923821}.Release|Any CPU.ActiveCfg = Release|Any CPU
		{455559B3-CBA6-423A-9A3F-DAF6CD923821}.Release|Any CPU.Build.0 = Release|Any CPU
	EndGlobalSection
	GlobalSection(SolutionProperties) = preSolution
		HideSolutionNode = FALSE
	EndGlobalSection
	GlobalSection(ExtensibilityGlobals) = postSolution
		SolutionGuid = {12A632E6-FCF5-4880-A1F6-6B47C52DEBBD}
	EndGlobalSection
EndGlobal
